// !$*UTF8*$!
{
	archiveVersion = 1;
	classes = {
	};
	objectVersion = 55;
	objects = {

/* Begin PBXBuildFile section */
		3A2051E3281552890064903F /* CustomLayoutFragment.swift in Sources */ = {isa = PBXBuildFile; fileRef = 3A2051E2281552890064903F /* CustomLayoutFragment.swift */; };
		3A2051E528157FE50064903F /* MarkdownRegex.swift in Sources */ = {isa = PBXBuildFile; fileRef = 3A2051E428157FE50064903F /* MarkdownRegex.swift */; };
		3A2051E7281580770064903F /* String+Extensions.swift in Sources */ = {isa = PBXBuildFile; fileRef = 3A2051E6281580770064903F /* String+Extensions.swift */; };
		3A2051E9281581C40064903F /* NSAttributedString+Extensions.swift in Sources */ = {isa = PBXBuildFile; fileRef = 3A2051E8281581C40064903F /* NSAttributedString+Extensions.swift */; };
		3A2051EB281582C20064903F /* UIFont+Extensions.swift in Sources */ = {isa = PBXBuildFile; fileRef = 3A2051EA281582C20064903F /* UIFont+Extensions.swift */; };
		3A2051ED28164CF60064903F /* NSRange+Extensions.swift in Sources */ = {isa = PBXBuildFile; fileRef = 3A2051EC28164CF60064903F /* NSRange+Extensions.swift */; };
		3A2051EF28164D0D0064903F /* NSTextRange+Extensions.swift in Sources */ = {isa = PBXBuildFile; fileRef = 3A2051EE28164D0D0064903F /* NSTextRange+Extensions.swift */; };
		3A2051F1281651340064903F /* SortedTextView+UITextInput.swift in Sources */ = {isa = PBXBuildFile; fileRef = 3A2051F0281651340064903F /* SortedTextView+UITextInput.swift */; };
		3A2051F32817E8AC0064903F /* SortedTextContentStorage.swift in Sources */ = {isa = PBXBuildFile; fileRef = 3A2051F22817E8AC0064903F /* SortedTextContentStorage.swift */; };
		3A2051F52818E7600064903F /* NSAttributedStringKey+Extensions.swift in Sources */ = {isa = PBXBuildFile; fileRef = 3A2051F42818E7600064903F /* NSAttributedStringKey+Extensions.swift */; };
		3A2051F72818E98E0064903F /* CodeBlockLayoutFragment.swift in Sources */ = {isa = PBXBuildFile; fileRef = 3A2051F62818E98E0064903F /* CodeBlockLayoutFragment.swift */; };
		3A2051F9281C831D0064903F /* SortedTextPosition.swift in Sources */ = {isa = PBXBuildFile; fileRef = 3A2051F8281C831D0064903F /* SortedTextPosition.swift */; };
		3A2051FB281C833C0064903F /* SortedTextRange.swift in Sources */ = {isa = PBXBuildFile; fileRef = 3A2051FA281C833C0064903F /* SortedTextRange.swift */; };
		3A83CCAD281429C700EB4D13 /* TK2TextViewApp.swift in Sources */ = {isa = PBXBuildFile; fileRef = 3A83CCAC281429C700EB4D13 /* TK2TextViewApp.swift */; };
		3A83CCAF281429C700EB4D13 /* ContentView.swift in Sources */ = {isa = PBXBuildFile; fileRef = 3A83CCAE281429C700EB4D13 /* ContentView.swift */; };
		3A83CCB1281429C800EB4D13 /* Assets.xcassets in Resources */ = {isa = PBXBuildFile; fileRef = 3A83CCB0281429C800EB4D13 /* Assets.xcassets */; };
		3A83CCB4281429C800EB4D13 /* Preview Assets.xcassets in Resources */ = {isa = PBXBuildFile; fileRef = 3A83CCB3281429C800EB4D13 /* Preview Assets.xcassets */; };
		3A83CCBC281429F000EB4D13 /* SortedTextView.swift in Sources */ = {isa = PBXBuildFile; fileRef = 3A83CCBB281429F000EB4D13 /* SortedTextView.swift */; };
		3A83CCBE281431D600EB4D13 /* TextLayoutFragmentLayer.swift in Sources */ = {isa = PBXBuildFile; fileRef = 3A83CCBD281431D600EB4D13 /* TextLayoutFragmentLayer.swift */; };
		3A83CCC0281431F000EB4D13 /* TextLayer.swift in Sources */ = {isa = PBXBuildFile; fileRef = 3A83CCBF281431F000EB4D13 /* TextLayer.swift */; };
/* End PBXBuildFile section */

/* Begin PBXFileReference section */
		3A2051E2281552890064903F /* CustomLayoutFragment.swift */ = {isa = PBXFileReference; lastKnownFileType = sourcecode.swift; path = CustomLayoutFragment.swift; sourceTree = "<group>"; };
		3A2051E428157FE50064903F /* MarkdownRegex.swift */ = {isa = PBXFileReference; lastKnownFileType = sourcecode.swift; path = MarkdownRegex.swift; sourceTree = "<group>"; };
		3A2051E6281580770064903F /* String+Extensions.swift */ = {isa = PBXFileReference; lastKnownFileType = sourcecode.swift; path = "String+Extensions.swift"; sourceTree = "<group>"; };
		3A2051E8281581C40064903F /* NSAttributedString+Extensions.swift */ = {isa = PBXFileReference; lastKnownFileType = sourcecode.swift; path = "NSAttributedString+Extensions.swift"; sourceTree = "<group>"; };
		3A2051EA281582C20064903F /* UIFont+Extensions.swift */ = {isa = PBXFileReference; lastKnownFileType = sourcecode.swift; path = "UIFont+Extensions.swift"; sourceTree = "<group>"; };
		3A2051EC28164CF60064903F /* NSRange+Extensions.swift */ = {isa = PBXFileReference; lastKnownFileType = sourcecode.swift; path = "NSRange+Extensions.swift"; sourceTree = "<group>"; };
		3A2051EE28164D0D0064903F /* NSTextRange+Extensions.swift */ = {isa = PBXFileReference; lastKnownFileType = sourcecode.swift; path = "NSTextRange+Extensions.swift"; sourceTree = "<group>"; };
		3A2051F0281651340064903F /* SortedTextView+UITextInput.swift */ = {isa = PBXFileReference; lastKnownFileType = sourcecode.swift; path = "SortedTextView+UITextInput.swift"; sourceTree = "<group>"; };
		3A2051F22817E8AC0064903F /* SortedTextContentStorage.swift */ = {isa = PBXFileReference; lastKnownFileType = sourcecode.swift; path = SortedTextContentStorage.swift; sourceTree = "<group>"; };
		3A2051F42818E7600064903F /* NSAttributedStringKey+Extensions.swift */ = {isa = PBXFileReference; lastKnownFileType = sourcecode.swift; path = "NSAttributedStringKey+Extensions.swift"; sourceTree = "<group>"; };
		3A2051F62818E98E0064903F /* CodeBlockLayoutFragment.swift */ = {isa = PBXFileReference; lastKnownFileType = sourcecode.swift; path = CodeBlockLayoutFragment.swift; sourceTree = "<group>"; };
		3A2051F8281C831D0064903F /* SortedTextPosition.swift */ = {isa = PBXFileReference; lastKnownFileType = sourcecode.swift; path = SortedTextPosition.swift; sourceTree = "<group>"; };
		3A2051FA281C833C0064903F /* SortedTextRange.swift */ = {isa = PBXFileReference; lastKnownFileType = sourcecode.swift; path = SortedTextRange.swift; sourceTree = "<group>"; };
		3A83CCA9281429C700EB4D13 /* TK2TextView.app */ = {isa = PBXFileReference; explicitFileType = wrapper.application; includeInIndex = 0; path = TK2TextView.app; sourceTree = BUILT_PRODUCTS_DIR; };
		3A83CCAC281429C700EB4D13 /* TK2TextViewApp.swift */ = {isa = PBXFileReference; lastKnownFileType = sourcecode.swift; path = TK2TextViewApp.swift; sourceTree = "<group>"; };
		3A83CCAE281429C700EB4D13 /* ContentView.swift */ = {isa = PBXFileReference; lastKnownFileType = sourcecode.swift; path = ContentView.swift; sourceTree = "<group>"; };
		3A83CCB0281429C800EB4D13 /* Assets.xcassets */ = {isa = PBXFileReference; lastKnownFileType = folder.assetcatalog; path = Assets.xcassets; sourceTree = "<group>"; };
		3A83CCB3281429C800EB4D13 /* Preview Assets.xcassets */ = {isa = PBXFileReference; lastKnownFileType = folder.assetcatalog; path = "Preview Assets.xcassets"; sourceTree = "<group>"; };
		3A83CCBB281429F000EB4D13 /* SortedTextView.swift */ = {isa = PBXFileReference; lastKnownFileType = sourcecode.swift; path = SortedTextView.swift; sourceTree = "<group>"; };
		3A83CCBD281431D600EB4D13 /* TextLayoutFragmentLayer.swift */ = {isa = PBXFileReference; lastKnownFileType = sourcecode.swift; path = TextLayoutFragmentLayer.swift; sourceTree = "<group>"; };
		3A83CCBF281431F000EB4D13 /* TextLayer.swift */ = {isa = PBXFileReference; lastKnownFileType = sourcecode.swift; path = TextLayer.swift; sourceTree = "<group>"; };
/* End PBXFileReference section */

/* Begin PBXFrameworksBuildPhase section */
		3A83CCA6281429C700EB4D13 /* Frameworks */ = {
			isa = PBXFrameworksBuildPhase;
			buildActionMask = 2147483647;
			files = (
			);
			runOnlyForDeploymentPostprocessing = 0;
		};
/* End PBXFrameworksBuildPhase section */

/* Begin PBXGroup section */
		3A83CCA0281429C700EB4D13 = {
			isa = PBXGroup;
			children = (
				3A2051F22817E8AC0064903F /* SortedTextContentStorage.swift */,
				3A83CCAB281429C700EB4D13 /* TK2TextView */,
				3A83CCAA281429C700EB4D13 /* Products */,
			);
			sourceTree = "<group>";
		};
		3A83CCAA281429C700EB4D13 /* Products */ = {
			isa = PBXGroup;
			children = (
				3A83CCA9281429C700EB4D13 /* TK2TextView.app */,
			);
			name = Products;
			sourceTree = "<group>";
		};
		3A83CCAB281429C700EB4D13 /* TK2TextView */ = {
			isa = PBXGroup;
			children = (
				3A83CCBA281429D100EB4D13 /* TextView */,
				3A83CCAC281429C700EB4D13 /* TK2TextViewApp.swift */,
				3A83CCAE281429C700EB4D13 /* ContentView.swift */,
				3A83CCB0281429C800EB4D13 /* Assets.xcassets */,
				3A83CCB2281429C800EB4D13 /* Preview Content */,
			);
			path = TK2TextView;
			sourceTree = "<group>";
		};
		3A83CCB2281429C800EB4D13 /* Preview Content */ = {
			isa = PBXGroup;
			children = (
				3A83CCB3281429C800EB4D13 /* Preview Assets.xcassets */,
			);
			path = "Preview Content";
			sourceTree = "<group>";
		};
		3A83CCBA281429D100EB4D13 /* TextView */ = {
			isa = PBXGroup;
			children = (
				3A2051F42818E7600064903F /* NSAttributedStringKey+Extensions.swift */,
				3A83CCBB281429F000EB4D13 /* SortedTextView.swift */,
				3A2051F0281651340064903F /* SortedTextView+UITextInput.swift */,
				3A2051F8281C831D0064903F /* SortedTextPosition.swift */,
				3A2051FA281C833C0064903F /* SortedTextRange.swift */,
				3A2051EC28164CF60064903F /* NSRange+Extensions.swift */,
				3A2051EE28164D0D0064903F /* NSTextRange+Extensions.swift */,
				3A2051EA281582C20064903F /* UIFont+Extensions.swift */,
				3A2051E8281581C40064903F /* NSAttributedString+Extensions.swift */,
				3A2051E6281580770064903F /* String+Extensions.swift */,
				3A2051F62818E98E0064903F /* CodeBlockLayoutFragment.swift */,
				3A2051E428157FE50064903F /* MarkdownRegex.swift */,
				3A2051E2281552890064903F /* CustomLayoutFragment.swift */,
				3A83CCBF281431F000EB4D13 /* TextLayer.swift */,
				3A83CCBD281431D600EB4D13 /* TextLayoutFragmentLayer.swift */,
			);
			path = TextView;
			sourceTree = "<group>";
		};
/* End PBXGroup section */

/* Begin PBXNativeTarget section */
		3A83CCA8281429C700EB4D13 /* TK2TextView */ = {
			isa = PBXNativeTarget;
			buildConfigurationList = 3A83CCB7281429C800EB4D13 /* Build configuration list for PBXNativeTarget "TK2TextView" */;
			buildPhases = (
				3A83CCA5281429C700EB4D13 /* Sources */,
				3A83CCA6281429C700EB4D13 /* Frameworks */,
				3A83CCA7281429C700EB4D13 /* Resources */,
			);
			buildRules = (
			);
			dependencies = (
			);
			name = TK2TextView;
			productName = TK2TextView;
			productReference = 3A83CCA9281429C700EB4D13 /* TK2TextView.app */;
			productType = "com.apple.product-type.application";
		};
/* End PBXNativeTarget section */

/* Begin PBXProject section */
		3A83CCA1281429C700EB4D13 /* Project object */ = {
			isa = PBXProject;
			attributes = {
				BuildIndependentTargetsInParallel = 1;
				LastSwiftUpdateCheck = 1330;
				LastUpgradeCheck = 1330;
				TargetAttributes = {
					3A83CCA8281429C700EB4D13 = {
						CreatedOnToolsVersion = 13.3;
					};
				};
			};
			buildConfigurationList = 3A83CCA4281429C700EB4D13 /* Build configuration list for PBXProject "TK2TextView" */;
			compatibilityVersion = "Xcode 13.0";
			developmentRegion = en;
			hasScannedForEncodings = 0;
			knownRegions = (
				en,
				Base,
			);
			mainGroup = 3A83CCA0281429C700EB4D13;
			productRefGroup = 3A83CCAA281429C700EB4D13 /* Products */;
			projectDirPath = "";
			projectRoot = "";
			targets = (
				3A83CCA8281429C700EB4D13 /* TK2TextView */,
			);
		};
/* End PBXProject section */

/* Begin PBXResourcesBuildPhase section */
		3A83CCA7281429C700EB4D13 /* Resources */ = {
			isa = PBXResourcesBuildPhase;
			buildActionMask = 2147483647;
			files = (
				3A83CCB4281429C800EB4D13 /* Preview Assets.xcassets in Resources */,
				3A83CCB1281429C800EB4D13 /* Assets.xcassets in Resources */,
			);
			runOnlyForDeploymentPostprocessing = 0;
		};
/* End PBXResourcesBuildPhase section */

/* Begin PBXSourcesBuildPhase section */
		3A83CCA5281429C700EB4D13 /* Sources */ = {
			isa = PBXSourcesBuildPhase;
			buildActionMask = 2147483647;
			files = (
				3A2051F72818E98E0064903F /* CodeBlockLayoutFragment.swift in Sources */,
				3A83CCBE281431D600EB4D13 /* TextLayoutFragmentLayer.swift in Sources */,
				3A2051E9281581C40064903F /* NSAttributedString+Extensions.swift in Sources */,
				3A83CCC0281431F000EB4D13 /* TextLayer.swift in Sources */,
				3A2051F32817E8AC0064903F /* SortedTextContentStorage.swift in Sources */,
				3A2051F52818E7600064903F /* NSAttributedStringKey+Extensions.swift in Sources */,
				3A2051ED28164CF60064903F /* NSRange+Extensions.swift in Sources */,
				3A83CCAF281429C700EB4D13 /* ContentView.swift in Sources */,
				3A83CCBC281429F000EB4D13 /* SortedTextView.swift in Sources */,
				3A2051FB281C833C0064903F /* SortedTextRange.swift in Sources */,
				3A2051E7281580770064903F /* String+Extensions.swift in Sources */,
				3A2051E3281552890064903F /* CustomLayoutFragment.swift in Sources */,
				3A2051F1281651340064903F /* SortedTextView+UITextInput.swift in Sources */,
				3A83CCAD281429C700EB4D13 /* TK2TextViewApp.swift in Sources */,
				3A2051EF28164D0D0064903F /* NSTextRange+Extensions.swift in Sources */,
				3A2051EB281582C20064903F /* UIFont+Extensions.swift in Sources */,
				3A2051F9281C831D0064903F /* SortedTextPosition.swift in Sources */,
				3A2051E528157FE50064903F /* MarkdownRegex.swift in Sources */,
			);
			runOnlyForDeploymentPostprocessing = 0;
		};
/* End PBXSourcesBuildPhase section */

/* Begin XCBuildConfiguration section */
		3A83CCB5281429C800EB4D13 /* Debug */ = {
			isa = XCBuildConfiguration;
			buildSettings = {
				ALWAYS_SEARCH_USER_PATHS = NO;
				CLANG_ANALYZER_NONNULL = YES;
				CLANG_ANALYZER_NUMBER_OBJECT_CONVERSION = YES_AGGRESSIVE;
				CLANG_CXX_LANGUAGE_STANDARD = "gnu++17";
				CLANG_ENABLE_MODULES = YES;
				CLANG_ENABLE_OBJC_ARC = YES;
				CLANG_ENABLE_OBJC_WEAK = YES;
				CLANG_WARN_BLOCK_CAPTURE_AUTORELEASING = YES;
				CLANG_WARN_BOOL_CONVERSION = YES;
				CLANG_WARN_COMMA = YES;
				CLANG_WARN_CONSTANT_CONVERSION = YES;
				CLANG_WARN_DEPRECATED_OBJC_IMPLEMENTATIONS = YES;
				CLANG_WARN_DIRECT_OBJC_ISA_USAGE = YES_ERROR;
				CLANG_WARN_DOCUMENTATION_COMMENTS = YES;
				CLANG_WARN_EMPTY_BODY = YES;
				CLANG_WARN_ENUM_CONVERSION = YES;
				CLANG_WARN_INFINITE_RECURSION = YES;
				CLANG_WARN_INT_CONVERSION = YES;
				CLANG_WARN_NON_LITERAL_NULL_CONVERSION = YES;
				CLANG_WARN_OBJC_IMPLICIT_RETAIN_SELF = YES;
				CLANG_WARN_OBJC_LITERAL_CONVERSION = YES;
				CLANG_WARN_OBJC_ROOT_CLASS = YES_ERROR;
				CLANG_WARN_QUOTED_INCLUDE_IN_FRAMEWORK_HEADER = YES;
				CLANG_WARN_RANGE_LOOP_ANALYSIS = YES;
				CLANG_WARN_STRICT_PROTOTYPES = YES;
				CLANG_WARN_SUSPICIOUS_MOVE = YES;
				CLANG_WARN_UNGUARDED_AVAILABILITY = YES_AGGRESSIVE;
				CLANG_WARN_UNREACHABLE_CODE = YES;
				CLANG_WARN__DUPLICATE_METHOD_MATCH = YES;
				COPY_PHASE_STRIP = NO;
				DEBUG_INFORMATION_FORMAT = dwarf;
				ENABLE_STRICT_OBJC_MSGSEND = YES;
				ENABLE_TESTABILITY = YES;
				GCC_C_LANGUAGE_STANDARD = gnu11;
				GCC_DYNAMIC_NO_PIC = NO;
				GCC_NO_COMMON_BLOCKS = YES;
				GCC_OPTIMIZATION_LEVEL = 0;
				GCC_PREPROCESSOR_DEFINITIONS = (
					"DEBUG=1",
					"$(inherited)",
				);
				GCC_WARN_64_TO_32_BIT_CONVERSION = YES;
				GCC_WARN_ABOUT_RETURN_TYPE = YES_ERROR;
				GCC_WARN_UNDECLARED_SELECTOR = YES;
				GCC_WARN_UNINITIALIZED_AUTOS = YES_AGGRESSIVE;
				GCC_WARN_UNUSED_FUNCTION = YES;
				GCC_WARN_UNUSED_VARIABLE = YES;
				IPHONEOS_DEPLOYMENT_TARGET = 15.4;
				MTL_ENABLE_DEBUG_INFO = INCLUDE_SOURCE;
				MTL_FAST_MATH = YES;
				ONLY_ACTIVE_ARCH = YES;
				SDKROOT = iphoneos;
				SWIFT_ACTIVE_COMPILATION_CONDITIONS = DEBUG;
				SWIFT_OPTIMIZATION_LEVEL = "-Onone";
			};
			name = Debug;
		};
		3A83CCB6281429C800EB4D13 /* Release */ = {
			isa = XCBuildConfiguration;
			buildSettings = {
				ALWAYS_SEARCH_USER_PATHS = NO;
				CLANG_ANALYZER_NONNULL = YES;
				CLANG_ANALYZER_NUMBER_OBJECT_CONVERSION = YES_AGGRESSIVE;
				CLANG_CXX_LANGUAGE_STANDARD = "gnu++17";
				CLANG_ENABLE_MODULES = YES;
				CLANG_ENABLE_OBJC_ARC = YES;
				CLANG_ENABLE_OBJC_WEAK = YES;
				CLANG_WARN_BLOCK_CAPTURE_AUTORELEASING = YES;
				CLANG_WARN_BOOL_CONVERSION = YES;
				CLANG_WARN_COMMA = YES;
				CLANG_WARN_CONSTANT_CONVERSION = YES;
				CLANG_WARN_DEPRECATED_OBJC_IMPLEMENTATIONS = YES;
				CLANG_WARN_DIRECT_OBJC_ISA_USAGE = YES_ERROR;
				CLANG_WARN_DOCUMENTATION_COMMENTS = YES;
				CLANG_WARN_EMPTY_BODY = YES;
				CLANG_WARN_ENUM_CONVERSION = YES;
				CLANG_WARN_INFINITE_RECURSION = YES;
				CLANG_WARN_INT_CONVERSION = YES;
				CLANG_WARN_NON_LITERAL_NULL_CONVERSION = YES;
				CLANG_WARN_OBJC_IMPLICIT_RETAIN_SELF = YES;
				CLANG_WARN_OBJC_LITERAL_CONVERSION = YES;
				CLANG_WARN_OBJC_ROOT_CLASS = YES_ERROR;
				CLANG_WARN_QUOTED_INCLUDE_IN_FRAMEWORK_HEADER = YES;
				CLANG_WARN_RANGE_LOOP_ANALYSIS = YES;
				CLANG_WARN_STRICT_PROTOTYPES = YES;
				CLANG_WARN_SUSPICIOUS_MOVE = YES;
				CLANG_WARN_UNGUARDED_AVAILABILITY = YES_AGGRESSIVE;
				CLANG_WARN_UNREACHABLE_CODE = YES;
				CLANG_WARN__DUPLICATE_METHOD_MATCH = YES;
				COPY_PHASE_STRIP = NO;
				DEBUG_INFORMATION_FORMAT = "dwarf-with-dsym";
				ENABLE_NS_ASSERTIONS = NO;
				ENABLE_STRICT_OBJC_MSGSEND = YES;
				GCC_C_LANGUAGE_STANDARD = gnu11;
				GCC_NO_COMMON_BLOCKS = YES;
				GCC_WARN_64_TO_32_BIT_CONVERSION = YES;
				GCC_WARN_ABOUT_RETURN_TYPE = YES_ERROR;
				GCC_WARN_UNDECLARED_SELECTOR = YES;
				GCC_WARN_UNINITIALIZED_AUTOS = YES_AGGRESSIVE;
				GCC_WARN_UNUSED_FUNCTION = YES;
				GCC_WARN_UNUSED_VARIABLE = YES;
				IPHONEOS_DEPLOYMENT_TARGET = 15.4;
				MTL_ENABLE_DEBUG_INFO = NO;
				MTL_FAST_MATH = YES;
				SDKROOT = iphoneos;
				SWIFT_COMPILATION_MODE = wholemodule;
				SWIFT_OPTIMIZATION_LEVEL = "-O";
				VALIDATE_PRODUCT = YES;
			};
			name = Release;
		};
		3A83CCB8281429C800EB4D13 /* Debug */ = {
			isa = XCBuildConfiguration;
			buildSettings = {
				ASSETCATALOG_COMPILER_APPICON_NAME = AppIcon;
				ASSETCATALOG_COMPILER_GLOBAL_ACCENT_COLOR_NAME = AccentColor;
				CODE_SIGN_STYLE = Automatic;
				CURRENT_PROJECT_VERSION = 1;
				DEVELOPMENT_ASSET_PATHS = "\"TK2TextView/Preview Content\"";
				DEVELOPMENT_TEAM = 245B4P8J7P;
				ENABLE_PREVIEWS = YES;
				GENERATE_INFOPLIST_FILE = YES;
				INFOPLIST_KEY_UIApplicationSceneManifest_Generation = YES;
				INFOPLIST_KEY_UIApplicationSupportsIndirectInputEvents = YES;
				INFOPLIST_KEY_UILaunchScreen_Generation = YES;
				INFOPLIST_KEY_UISupportedInterfaceOrientations_iPad = "UIInterfaceOrientationPortrait UIInterfaceOrientationPortraitUpsideDown UIInterfaceOrientationLandscapeLeft UIInterfaceOrientationLandscapeRight";
				INFOPLIST_KEY_UISupportedInterfaceOrientations_iPhone = "UIInterfaceOrientationPortrait UIInterfaceOrientationLandscapeLeft UIInterfaceOrientationLandscapeRight";
				LD_RUNPATH_SEARCH_PATHS = (
					"$(inherited)",
					"@executable_path/Frameworks",
				);
				MARKETING_VERSION = 1.0;
				PRODUCT_BUNDLE_IDENTIFIER = com.staysorted.TK2TextView;
				PRODUCT_NAME = "$(TARGET_NAME)";
				SWIFT_EMIT_LOC_STRINGS = YES;
				SWIFT_VERSION = 5.0;
				TARGETED_DEVICE_FAMILY = "1,2";
			};
			name = Debug;
		};
		3A83CCB9281429C800EB4D13 /* Release */ = {
			isa = XCBuildConfiguration;
			buildSettings = {
				ASSETCATALOG_COMPILER_APPICON_NAME = AppIcon;
				ASSETCATALOG_COMPILER_GLOBAL_ACCENT_COLOR_NAME = AccentColor;
				CODE_SIGN_STYLE = Automatic;
				CURRENT_PROJECT_VERSION = 1;
				DEVELOPMENT_ASSET_PATHS = "\"TK2TextView/Preview Content\"";
				DEVELOPMENT_TEAM = 245B4P8J7P;
				ENABLE_PREVIEWS = YES;
				GENERATE_INFOPLIST_FILE = YES;
				INFOPLIST_KEY_UIApplicationSceneManifest_Generation = YES;
				INFOPLIST_KEY_UIApplicationSupportsIndirectInputEvents = YES;
				INFOPLIST_KEY_UILaunchScreen_Generation = YES;
				INFOPLIST_KEY_UISupportedInterfaceOrientations_iPad = "UIInterfaceOrientationPortrait UIInterfaceOrientationPortraitUpsideDown UIInterfaceOrientationLandscapeLeft UIInterfaceOrientationLandscapeRight";
				INFOPLIST_KEY_UISupportedInterfaceOrientations_iPhone = "UIInterfaceOrientationPortrait UIInterfaceOrientationLandscapeLeft UIInterfaceOrientationLandscapeRight";
				LD_RUNPATH_SEARCH_PATHS = (
					"$(inherited)",
					"@executable_path/Frameworks",
				);
				MARKETING_VERSION = 1.0;
				PRODUCT_BUNDLE_IDENTIFIER = com.staysorted.TK2TextView;
				PRODUCT_NAME = "$(TARGET_NAME)";
				SWIFT_EMIT_LOC_STRINGS = YES;
				SWIFT_VERSION = 5.0;
				TARGETED_DEVICE_FAMILY = "1,2";
			};
			name = Release;
		};
/* End XCBuildConfiguration section */

/* Begin XCConfigurationList section */
		3A83CCA4281429C700EB4D13 /* Build configuration list for PBXProject "TK2TextView" */ = {
			isa = XCConfigurationList;
			buildConfigurations = (
				3A83CCB5281429C800EB4D13 /* Debug */,
				3A83CCB6281429C800EB4D13 /* Release */,
			);
			defaultConfigurationIsVisible = 0;
			defaultConfigurationName = Release;
		};
		3A83CCB7281429C800EB4D13 /* Build configuration list for PBXNativeTarget "TK2TextView" */ = {
			isa = XCConfigurationList;
			buildConfigurations = (
				3A83CCB8281429C800EB4D13 /* Debug */,
				3A83CCB9281429C800EB4D13 /* Release */,
			);
			defaultConfigurationIsVisible = 0;
			defaultConfigurationName = Release;
		};
/* End XCConfigurationList section */
	};
	rootObject = 3A83CCA1281429C700EB4D13 /* Project object */;
}
